
Microsoft Visual Studio Solution File, Format Version 12.00
# Visual Studio Version 17
VisualStudioVersion = 17.0.32112.339
MinimumVisualStudioVersion = 10.0.40219.1
Project("{FAE04EC0-301F-11D3-BF4B-00C04F79EFBC}") = "StrategyPattern", "StrategyPattern\StrategyPattern.csproj", "{FBFA04F4-0147-4992-B520-57E84205802E}"
EndProject
Global
	GlobalSection(SolutionConfigurationPlatforms) = preSolution
		Debug|Any CPU = Debug|Any CPU
		Release|Any CPU = Release|Any CPU
	EndGlobalSection
	GlobalSection(ProjectConfigurationPlatforms) = postSolution
		{FBFA04F4-0147-4992-B520-57E84205802E}.Debug|Any CPU.ActiveCfg = Debug|Any CPU
		{FBFA04F4-0147-4992-B520-57E84205802E}.Debug|Any CPU.Build.0 = Debug|Any CPU
		{FBFA04F4-0147-4992-B520-57E84205802E}.Release|Any CPU.ActiveCfg = Release|Any CPU
		{FBFA04F4-0147-4992-B520-57E84205802E}.Release|Any CPU.Build.0 = Release|Any CPU
	EndGlobalSection
	GlobalSection(SolutionProperties) = preSolution
		HideSolutionNode = FALSE
	EndGlobalSection
	GlobalSection(ExtensibilityGlobals) = postSolution
		SolutionGuid = {436B3820-2F87-45A8-82DD-207B4557B964}
	EndGlobalSection
EndGlobal
